
Microsoft Visual Studio Solution File, Format Version 12.00
# Visual Studio Version 16
VisualStudioVersion = 16.0.29613.14
MinimumVisualStudioVersion = 15.0.26124.0
Project("{2150E333-8FDC-42A3-9474-1A3956D46DE8}") = "core", "core", "{3DE93012-AB32-4123-9181-5928A41A9465}"
EndProject
Project("{2150E333-8FDC-42A3-9474-1A3956D46DE8}") = "tests", "tests", "{40761D89-CE64-4C20-AC1D-1A38D8D1C31F}"
EndProject
Project("{2150E333-8FDC-42A3-9474-1A3956D46DE8}") = "unit", "unit", "{33E26EED-D7CD-4A61-9213-313C737C0EE3}"
EndProject
Project("{9A19103F-16F7-4668-BE54-9A1E7A4F7556}") = "FluentAssertions.Optional", "core\FluentAssertions.Optional\FluentAssertions.Optional.csproj", "{CD6FC892-9948-4CFB-AD2D-558F33424DD1}"
EndProject
Project("{9A19103F-16F7-4668-BE54-9A1E7A4F7556}") = "FluentAssertions.Optional.Tests.Unit", "tests\unit\FluentAssertions.Optional.Tests.Unit\FluentAssertions.Optional.Tests.Unit.csproj", "{7F3935C2-90DF-4DF7-AD6C-322AB7F95A55}"
EndProject
Global
	GlobalSection(SolutionConfigurationPlatforms) = preSolution
		Debug|Any CPU = Debug|Any CPU
		Debug|x64 = Debug|x64
		Debug|x86 = Debug|x86
		Release|Any CPU = Release|Any CPU
		Release|x64 = Release|x64
		Release|x86 = Release|x86
	EndGlobalSection
	GlobalSection(ProjectConfigurationPlatforms) = postSolution
		{CD6FC892-9948-4CFB-AD2D-558F33424DD1}.Debug|Any CPU.ActiveCfg = Debug|Any CPU
		{CD6FC892-9948-4CFB-AD2D-558F33424DD1}.Debug|Any CPU.Build.0 = Debug|Any CPU
		{CD6FC892-9948-4CFB-AD2D-558F33424DD1}.Debug|x64.ActiveCfg = Debug|Any CPU
		{CD6FC892-9948-4CFB-AD2D-558F33424DD1}.Debug|x64.Build.0 = Debug|Any CPU
		{CD6FC892-9948-4CFB-AD2D-558F33424DD1}.Debug|x86.ActiveCfg = Debug|Any CPU
		{CD6FC892-9948-4CFB-AD2D-558F33424DD1}.Debug|x86.Build.0 = Debug|Any CPU
		{CD6FC892-9948-4CFB-AD2D-558F33424DD1}.Release|Any CPU.ActiveCfg = Release|Any CPU
		{CD6FC892-9948-4CFB-AD2D-558F33424DD1}.Release|Any CPU.Build.0 = Release|Any CPU
		{CD6FC892-9948-4CFB-AD2D-558F33424DD1}.Release|x64.ActiveCfg = Release|Any CPU
		{CD6FC892-9948-4CFB-AD2D-558F33424DD1}.Release|x64.Build.0 = Release|Any CPU
		{CD6FC892-9948-4CFB-AD2D-558F33424DD1}.Release|x86.ActiveCfg = Release|Any CPU
		{CD6FC892-9948-4CFB-AD2D-558F33424DD1}.Release|x86.Build.0 = Release|Any CPU
		{7F3935C2-90DF-4DF7-AD6C-322AB7F95A55}.Debug|Any CPU.ActiveCfg = Debug|Any CPU
		{7F3935C2-90DF-4DF7-AD6C-322AB7F95A55}.Debug|Any CPU.Build.0 = Debug|Any CPU
		{7F3935C2-90DF-4DF7-AD6C-322AB7F95A55}.Debug|x64.ActiveCfg = Debug|Any CPU
		{7F3935C2-90DF-4DF7-AD6C-322AB7F95A55}.Debug|x64.Build.0 = Debug|Any CPU
		{7F3935C2-90DF-4DF7-AD6C-322AB7F95A55}.Debug|x86.ActiveCfg = Debug|Any CPU
		{7F3935C2-90DF-4DF7-AD6C-322AB7F95A55}.Debug|x86.Build.0 = Debug|Any CPU
		{7F3935C2-90DF-4DF7-AD6C-322AB7F95A55}.Release|Any CPU.ActiveCfg = Release|Any CPU
		{7F3935C2-90DF-4DF7-AD6C-322AB7F95A55}.Release|Any CPU.Build.0 = Release|Any CPU
		{7F3935C2-90DF-4DF7-AD6C-322AB7F95A55}.Release|x64.ActiveCfg = Release|Any CPU
		{7F3935C2-90DF-4DF7-AD6C-322AB7F95A55}.Release|x64.Build.0 = Release|Any CPU
		{7F3935C2-90DF-4DF7-AD6C-322AB7F95A55}.Release|x86.ActiveCfg = Release|Any CPU
		{7F3935C2-90DF-4DF7-AD6C-322AB7F95A55}.Release|x86.Build.0 = Release|Any CPU
	EndGlobalSection
	GlobalSection(SolutionProperties) = preSolution
		HideSolutionNode = FALSE
	EndGlobalSection
	GlobalSection(NestedProjects) = preSolution
		{33E26EED-D7CD-4A61-9213-313C737C0EE3} = {40761D89-CE64-4C20-AC1D-1A38D8D1C31F}
		{CD6FC892-9948-4CFB-AD2D-558F33424DD1} = {3DE93012-AB32-4123-9181-5928A41A9465}
		{7F3935C2-90DF-4DF7-AD6C-322AB7F95A55} = {33E26EED-D7CD-4A61-9213-313C737C0EE3}
	EndGlobalSection
	GlobalSection(ExtensibilityGlobals) = postSolution
		SolutionGuid = {D42B78F1-03EA-46D3-9968-E3B815632434}
	EndGlobalSection
EndGlobal
